// !$*UTF8*$!
{
	archiveVersion = 1;
	classes = {
	};
	objectVersion = 50;
	objects = {

/* Begin PBXBuildFile section */
		1E145E862595282E0005E567 /* UltimatePortfolioApp.swift in Sources */ = {isa = PBXBuildFile; fileRef = 1E145E852595282E0005E567 /* UltimatePortfolioApp.swift */; };
		1E145E882595282E0005E567 /* ContentView.swift in Sources */ = {isa = PBXBuildFile; fileRef = 1E145E872595282E0005E567 /* ContentView.swift */; };
		1E145E8A2595282F0005E567 /* Assets.xcassets in Resources */ = {isa = PBXBuildFile; fileRef = 1E145E892595282F0005E567 /* Assets.xcassets */; };
		1E145E8D2595282F0005E567 /* Preview Assets.xcassets in Resources */ = {isa = PBXBuildFile; fileRef = 1E145E8C2595282F0005E567 /* Preview Assets.xcassets */; };
		1E145E97259528480005E567 /* Main.xcdatamodeld in Sources */ = {isa = PBXBuildFile; fileRef = 1E145E95259528480005E567 /* Main.xcdatamodeld */; };
		1E4D118925952AEE00470FBA /* HomeView.swift in Sources */ = {isa = PBXBuildFile; fileRef = 1E4D118825952AEE00470FBA /* HomeView.swift */; };
		1E4D118C25952B4300470FBA /* ProjectsView.swift in Sources */ = {isa = PBXBuildFile; fileRef = 1E4D118B25952B4300470FBA /* ProjectsView.swift */; };
		1E4D118F25952B6400470FBA /* DataController.swift in Sources */ = {isa = PBXBuildFile; fileRef = 1E4D118E25952B6400470FBA /* DataController.swift */; };
		1E4D119525952BC600470FBA /* CloudKit.framework in Frameworks */ = {isa = PBXBuildFile; fileRef = 1E4D119425952BC600470FBA /* CloudKit.framework */; };
		1ED3E392259600FE002039FC /* Item-CoreDataHelpers.swift in Sources */ = {isa = PBXBuildFile; fileRef = 1ED3E391259600FE002039FC /* Item-CoreDataHelpers.swift */; };
		1ED3E395259601B3002039FC /* Project-CoreDataHelpers.swift in Sources */ = {isa = PBXBuildFile; fileRef = 1ED3E394259601B3002039FC /* Project-CoreDataHelpers.swift */; };
		1ED3E39925971814002039FC /* EditItemView.swift in Sources */ = {isa = PBXBuildFile; fileRef = 1ED3E39825971814002039FC /* EditItemView.swift */; };
		1ED3E39C25971827002039FC /* ItemRowView.swift in Sources */ = {isa = PBXBuildFile; fileRef = 1ED3E39B25971827002039FC /* ItemRowView.swift */; };
		1ED3E39F259726D5002039FC /* Binding-OnChange.swift in Sources */ = {isa = PBXBuildFile; fileRef = 1ED3E39E259726D5002039FC /* Binding-OnChange.swift */; };
		1ED3E3A22597330B002039FC /* ProjectHeaderView.swift in Sources */ = {isa = PBXBuildFile; fileRef = 1ED3E3A12597330B002039FC /* ProjectHeaderView.swift */; };
		1ED3E3A925974D00002039FC /* Colors.xcassets in Resources */ = {isa = PBXBuildFile; fileRef = 1ED3E3A825974D00002039FC /* Colors.xcassets */; };
		1ED3E3AC25974F03002039FC /* EditProjectView.swift in Sources */ = {isa = PBXBuildFile; fileRef = 1ED3E3AB25974F03002039FC /* EditProjectView.swift */; };
		1ED3E3B12598C34C002039FC /* Sequence-Sorting.swift in Sources */ = {isa = PBXBuildFile; fileRef = 1ED3E3B02598C34C002039FC /* Sequence-Sorting.swift */; };
/* End PBXBuildFile section */

/* Begin PBXFileReference section */
		1E145E822595282E0005E567 /* UltimatePortfolio.app */ = {isa = PBXFileReference; explicitFileType = wrapper.application; includeInIndex = 0; path = UltimatePortfolio.app; sourceTree = BUILT_PRODUCTS_DIR; };
		1E145E852595282E0005E567 /* UltimatePortfolioApp.swift */ = {isa = PBXFileReference; lastKnownFileType = sourcecode.swift; path = UltimatePortfolioApp.swift; sourceTree = "<group>"; };
		1E145E872595282E0005E567 /* ContentView.swift */ = {isa = PBXFileReference; lastKnownFileType = sourcecode.swift; path = ContentView.swift; sourceTree = "<group>"; };
		1E145E892595282F0005E567 /* Assets.xcassets */ = {isa = PBXFileReference; lastKnownFileType = folder.assetcatalog; path = Assets.xcassets; sourceTree = "<group>"; };
		1E145E8C2595282F0005E567 /* Preview Assets.xcassets */ = {isa = PBXFileReference; lastKnownFileType = folder.assetcatalog; path = "Preview Assets.xcassets"; sourceTree = "<group>"; };
		1E145E8E2595282F0005E567 /* Info.plist */ = {isa = PBXFileReference; lastKnownFileType = text.plist.xml; path = Info.plist; sourceTree = "<group>"; };
		1E145E96259528480005E567 /* Main.xcdatamodel */ = {isa = PBXFileReference; lastKnownFileType = wrapper.xcdatamodel; path = Main.xcdatamodel; sourceTree = "<group>"; };
		1E4D118825952AEE00470FBA /* HomeView.swift */ = {isa = PBXFileReference; lastKnownFileType = sourcecode.swift; path = HomeView.swift; sourceTree = "<group>"; };
		1E4D118B25952B4300470FBA /* ProjectsView.swift */ = {isa = PBXFileReference; lastKnownFileType = sourcecode.swift; path = ProjectsView.swift; sourceTree = "<group>"; };
		1E4D118E25952B6400470FBA /* DataController.swift */ = {isa = PBXFileReference; lastKnownFileType = sourcecode.swift; path = DataController.swift; sourceTree = "<group>"; };
		1E4D119125952BBE00470FBA /* UltimatePortfolio.entitlements */ = {isa = PBXFileReference; lastKnownFileType = text.plist.entitlements; path = UltimatePortfolio.entitlements; sourceTree = "<group>"; };
		1E4D119425952BC600470FBA /* CloudKit.framework */ = {isa = PBXFileReference; lastKnownFileType = wrapper.framework; name = CloudKit.framework; path = System/Library/Frameworks/CloudKit.framework; sourceTree = SDKROOT; };
		1ED3E391259600FE002039FC /* Item-CoreDataHelpers.swift */ = {isa = PBXFileReference; lastKnownFileType = sourcecode.swift; path = "Item-CoreDataHelpers.swift"; sourceTree = "<group>"; };
		1ED3E394259601B3002039FC /* Project-CoreDataHelpers.swift */ = {isa = PBXFileReference; lastKnownFileType = sourcecode.swift; path = "Project-CoreDataHelpers.swift"; sourceTree = "<group>"; };
		1ED3E39825971814002039FC /* EditItemView.swift */ = {isa = PBXFileReference; lastKnownFileType = sourcecode.swift; path = EditItemView.swift; sourceTree = "<group>"; };
		1ED3E39B25971827002039FC /* ItemRowView.swift */ = {isa = PBXFileReference; lastKnownFileType = sourcecode.swift; path = ItemRowView.swift; sourceTree = "<group>"; };
		1ED3E39E259726D5002039FC /* Binding-OnChange.swift */ = {isa = PBXFileReference; lastKnownFileType = sourcecode.swift; path = "Binding-OnChange.swift"; sourceTree = "<group>"; };
		1ED3E3A12597330B002039FC /* ProjectHeaderView.swift */ = {isa = PBXFileReference; lastKnownFileType = sourcecode.swift; path = ProjectHeaderView.swift; sourceTree = "<group>"; };
		1ED3E3A825974D00002039FC /* Colors.xcassets */ = {isa = PBXFileReference; lastKnownFileType = folder.assetcatalog; path = Colors.xcassets; sourceTree = "<group>"; };
		1ED3E3AB25974F03002039FC /* EditProjectView.swift */ = {isa = PBXFileReference; lastKnownFileType = sourcecode.swift; path = EditProjectView.swift; sourceTree = "<group>"; };
		1ED3E3B02598C34C002039FC /* Sequence-Sorting.swift */ = {isa = PBXFileReference; lastKnownFileType = sourcecode.swift; path = "Sequence-Sorting.swift"; sourceTree = "<group>"; };
/* End PBXFileReference section */

/* Begin PBXFrameworksBuildPhase section */
		1E145E7F2595282E0005E567 /* Frameworks */ = {
			isa = PBXFrameworksBuildPhase;
			buildActionMask = 2147483647;
			files = (
				1E4D119525952BC600470FBA /* CloudKit.framework in Frameworks */,
			);
			runOnlyForDeploymentPostprocessing = 0;
		};
/* End PBXFrameworksBuildPhase section */

/* Begin PBXGroup section */
		1E145E792595282E0005E567 = {
			isa = PBXGroup;
			children = (
				1E145E842595282E0005E567 /* UltimatePortfolio */,
				1E145E832595282E0005E567 /* Products */,
				1E4D119325952BC600470FBA /* Frameworks */,
			);
			sourceTree = "<group>";
		};
		1E145E832595282E0005E567 /* Products */ = {
			isa = PBXGroup;
			children = (
				1E145E822595282E0005E567 /* UltimatePortfolio.app */,
			);
			name = Products;
			sourceTree = "<group>";
		};
		1E145E842595282E0005E567 /* UltimatePortfolio */ = {
			isa = PBXGroup;
			children = (
				1E4D119125952BBE00470FBA /* UltimatePortfolio.entitlements */,
				1E145E852595282E0005E567 /* UltimatePortfolioApp.swift */,
				1E145E872595282E0005E567 /* ContentView.swift */,
				1ED3E3AB25974F03002039FC /* EditProjectView.swift */,
				1ED3E39825971814002039FC /* EditItemView.swift */,
				1ED3E3A12597330B002039FC /* ProjectHeaderView.swift */,
				1ED3E39B25971827002039FC /* ItemRowView.swift */,
				1E4D118825952AEE00470FBA /* HomeView.swift */,
				1E4D118B25952B4300470FBA /* ProjectsView.swift */,
				1ED3E3B02598C34C002039FC /* Sequence-Sorting.swift */,
				1ED3E39E259726D5002039FC /* Binding-OnChange.swift */,
				1E4D118E25952B6400470FBA /* DataController.swift */,
				1ED3E391259600FE002039FC /* Item-CoreDataHelpers.swift */,
				1ED3E394259601B3002039FC /* Project-CoreDataHelpers.swift */,
				1E145E95259528480005E567 /* Main.xcdatamodeld */,
				1E145E892595282F0005E567 /* Assets.xcassets */,
				1ED3E3A825974D00002039FC /* Colors.xcassets */,
				1E145E8E2595282F0005E567 /* Info.plist */,
				1E145E8B2595282F0005E567 /* Preview Content */,
			);
			path = UltimatePortfolio;
			sourceTree = "<group>";
		};
		1E145E8B2595282F0005E567 /* Preview Content */ = {
			isa = PBXGroup;
			children = (
				1E145E8C2595282F0005E567 /* Preview Assets.xcassets */,
			);
			path = "Preview Content";
			sourceTree = "<group>";
		};
		1E4D119325952BC600470FBA /* Frameworks */ = {
			isa = PBXGroup;
			children = (
				1E4D119425952BC600470FBA /* CloudKit.framework */,
			);
			name = Frameworks;
			sourceTree = "<group>";
		};
/* End PBXGroup section */

/* Begin PBXNativeTarget section */
		1E145E812595282E0005E567 /* UltimatePortfolio */ = {
			isa = PBXNativeTarget;
			buildConfigurationList = 1E145E912595282F0005E567 /* Build configuration list for PBXNativeTarget "UltimatePortfolio" */;
			buildPhases = (
				1E145E7E2595282E0005E567 /* Sources */,
				1E145E7F2595282E0005E567 /* Frameworks */,
				1E145E802595282E0005E567 /* Resources */,
			);
			buildRules = (
			);
			dependencies = (
			);
			name = UltimatePortfolio;
			productName = UltimatePortfolio;
			productReference = 1E145E822595282E0005E567 /* UltimatePortfolio.app */;
			productType = "com.apple.product-type.application";
		};
/* End PBXNativeTarget section */

/* Begin PBXProject section */
		1E145E7A2595282E0005E567 /* Project object */ = {
			isa = PBXProject;
			attributes = {
				LastSwiftUpdateCheck = 1230;
				LastUpgradeCheck = 1230;
				TargetAttributes = {
					1E145E812595282E0005E567 = {
						CreatedOnToolsVersion = 12.3;
					};
				};
			};
			buildConfigurationList = 1E145E7D2595282E0005E567 /* Build configuration list for PBXProject "UltimatePortfolio" */;
			compatibilityVersion = "Xcode 9.3";
			developmentRegion = en;
			hasScannedForEncodings = 0;
			knownRegions = (
				en,
				Base,
			);
			mainGroup = 1E145E792595282E0005E567;
			productRefGroup = 1E145E832595282E0005E567 /* Products */;
			projectDirPath = "";
			projectRoot = "";
			targets = (
				1E145E812595282E0005E567 /* UltimatePortfolio */,
			);
		};
/* End PBXProject section */

/* Begin PBXResourcesBuildPhase section */
		1E145E802595282E0005E567 /* Resources */ = {
			isa = PBXResourcesBuildPhase;
			buildActionMask = 2147483647;
			files = (
				1ED3E3A925974D00002039FC /* Colors.xcassets in Resources */,
				1E145E8D2595282F0005E567 /* Preview Assets.xcassets in Resources */,
				1E145E8A2595282F0005E567 /* Assets.xcassets in Resources */,
			);
			runOnlyForDeploymentPostprocessing = 0;
		};
/* End PBXResourcesBuildPhase section */

/* Begin PBXSourcesBuildPhase section */
		1E145E7E2595282E0005E567 /* Sources */ = {
			isa = PBXSourcesBuildPhase;
			buildActionMask = 2147483647;
			files = (
				1E4D118C25952B4300470FBA /* ProjectsView.swift in Sources */,
				1ED3E3A22597330B002039FC /* ProjectHeaderView.swift in Sources */,
				1E4D118F25952B6400470FBA /* DataController.swift in Sources */,
				1ED3E395259601B3002039FC /* Project-CoreDataHelpers.swift in Sources */,
				1ED3E3AC25974F03002039FC /* EditProjectView.swift in Sources */,
				1E145E97259528480005E567 /* Main.xcdatamodeld in Sources */,
				1ED3E39C25971827002039FC /* ItemRowView.swift in Sources */,
				1E4D118925952AEE00470FBA /* HomeView.swift in Sources */,
				1ED3E39F259726D5002039FC /* Binding-OnChange.swift in Sources */,
				1ED3E3B12598C34C002039FC /* Sequence-Sorting.swift in Sources */,
				1E145E882595282E0005E567 /* ContentView.swift in Sources */,
				1E145E862595282E0005E567 /* UltimatePortfolioApp.swift in Sources */,
				1ED3E392259600FE002039FC /* Item-CoreDataHelpers.swift in Sources */,
				1ED3E39925971814002039FC /* EditItemView.swift in Sources */,
			);
			runOnlyForDeploymentPostprocessing = 0;
		};
/* End PBXSourcesBuildPhase section */

/* Begin XCBuildConfiguration section */
		1E145E8F2595282F0005E567 /* Debug */ = {
			isa = XCBuildConfiguration;
			buildSettings = {
				ALWAYS_SEARCH_USER_PATHS = NO;
				CLANG_ANALYZER_NONNULL = YES;
				CLANG_ANALYZER_NUMBER_OBJECT_CONVERSION = YES_AGGRESSIVE;
				CLANG_CXX_LANGUAGE_STANDARD = "gnu++14";
				CLANG_CXX_LIBRARY = "libc++";
				CLANG_ENABLE_MODULES = YES;
				CLANG_ENABLE_OBJC_ARC = YES;
				CLANG_ENABLE_OBJC_WEAK = YES;
				CLANG_WARN_BLOCK_CAPTURE_AUTORELEASING = YES;
				CLANG_WARN_BOOL_CONVERSION = YES;
				CLANG_WARN_COMMA = YES;
				CLANG_WARN_CONSTANT_CONVERSION = YES;
				CLANG_WARN_DEPRECATED_OBJC_IMPLEMENTATIONS = YES;
				CLANG_WARN_DIRECT_OBJC_ISA_USAGE = YES_ERROR;
				CLANG_WARN_DOCUMENTATION_COMMENTS = YES;
				CLANG_WARN_EMPTY_BODY = YES;
				CLANG_WARN_ENUM_CONVERSION = YES;
				CLANG_WARN_INFINITE_RECURSION = YES;
				CLANG_WARN_INT_CONVERSION = YES;
				CLANG_WARN_NON_LITERAL_NULL_CONVERSION = YES;
				CLANG_WARN_OBJC_IMPLICIT_RETAIN_SELF = YES;
				CLANG_WARN_OBJC_LITERAL_CONVERSION = YES;
				CLANG_WARN_OBJC_ROOT_CLASS = YES_ERROR;
				CLANG_WARN_QUOTED_INCLUDE_IN_FRAMEWORK_HEADER = YES;
				CLANG_WARN_RANGE_LOOP_ANALYSIS = YES;
				CLANG_WARN_STRICT_PROTOTYPES = YES;
				CLANG_WARN_SUSPICIOUS_MOVE = YES;
				CLANG_WARN_UNGUARDED_AVAILABILITY = YES_AGGRESSIVE;
				CLANG_WARN_UNREACHABLE_CODE = YES;
				CLANG_WARN__DUPLICATE_METHOD_MATCH = YES;
				COPY_PHASE_STRIP = NO;
				DEBUG_INFORMATION_FORMAT = dwarf;
				ENABLE_STRICT_OBJC_MSGSEND = YES;
				ENABLE_TESTABILITY = YES;
				GCC_C_LANGUAGE_STANDARD = gnu11;
				GCC_DYNAMIC_NO_PIC = NO;
				GCC_NO_COMMON_BLOCKS = YES;
				GCC_OPTIMIZATION_LEVEL = 0;
				GCC_PREPROCESSOR_DEFINITIONS = (
					"DEBUG=1",
					"$(inherited)",
				);
				GCC_WARN_64_TO_32_BIT_CONVERSION = YES;
				GCC_WARN_ABOUT_RETURN_TYPE = YES_ERROR;
				GCC_WARN_UNDECLARED_SELECTOR = YES;
				GCC_WARN_UNINITIALIZED_AUTOS = YES_AGGRESSIVE;
				GCC_WARN_UNUSED_FUNCTION = YES;
				GCC_WARN_UNUSED_VARIABLE = YES;
				IPHONEOS_DEPLOYMENT_TARGET = 14.3;
				MTL_ENABLE_DEBUG_INFO = INCLUDE_SOURCE;
				MTL_FAST_MATH = YES;
				ONLY_ACTIVE_ARCH = YES;
				SDKROOT = iphoneos;
				SWIFT_ACTIVE_COMPILATION_CONDITIONS = DEBUG;
				SWIFT_OPTIMIZATION_LEVEL = "-Onone";
			};
			name = Debug;
		};
		1E145E902595282F0005E567 /* Release */ = {
			isa = XCBuildConfiguration;
			buildSettings = {
				ALWAYS_SEARCH_USER_PATHS = NO;
				CLANG_ANALYZER_NONNULL = YES;
				CLANG_ANALYZER_NUMBER_OBJECT_CONVERSION = YES_AGGRESSIVE;
				CLANG_CXX_LANGUAGE_STANDARD = "gnu++14";
				CLANG_CXX_LIBRARY = "libc++";
				CLANG_ENABLE_MODULES = YES;
				CLANG_ENABLE_OBJC_ARC = YES;
				CLANG_ENABLE_OBJC_WEAK = YES;
				CLANG_WARN_BLOCK_CAPTURE_AUTORELEASING = YES;
				CLANG_WARN_BOOL_CONVERSION = YES;
				CLANG_WARN_COMMA = YES;
				CLANG_WARN_CONSTANT_CONVERSION = YES;
				CLANG_WARN_DEPRECATED_OBJC_IMPLEMENTATIONS = YES;
				CLANG_WARN_DIRECT_OBJC_ISA_USAGE = YES_ERROR;
				CLANG_WARN_DOCUMENTATION_COMMENTS = YES;
				CLANG_WARN_EMPTY_BODY = YES;
				CLANG_WARN_ENUM_CONVERSION = YES;
				CLANG_WARN_INFINITE_RECURSION = YES;
				CLANG_WARN_INT_CONVERSION = YES;
				CLANG_WARN_NON_LITERAL_NULL_CONVERSION = YES;
				CLANG_WARN_OBJC_IMPLICIT_RETAIN_SELF = YES;
				CLANG_WARN_OBJC_LITERAL_CONVERSION = YES;
				CLANG_WARN_OBJC_ROOT_CLASS = YES_ERROR;
				CLANG_WARN_QUOTED_INCLUDE_IN_FRAMEWORK_HEADER = YES;
				CLANG_WARN_RANGE_LOOP_ANALYSIS = YES;
				CLANG_WARN_STRICT_PROTOTYPES = YES;
				CLANG_WARN_SUSPICIOUS_MOVE = YES;
				CLANG_WARN_UNGUARDED_AVAILABILITY = YES_AGGRESSIVE;
				CLANG_WARN_UNREACHABLE_CODE = YES;
				CLANG_WARN__DUPLICATE_METHOD_MATCH = YES;
				COPY_PHASE_STRIP = NO;
				DEBUG_INFORMATION_FORMAT = "dwarf-with-dsym";
				ENABLE_NS_ASSERTIONS = NO;
				ENABLE_STRICT_OBJC_MSGSEND = YES;
				GCC_C_LANGUAGE_STANDARD = gnu11;
				GCC_NO_COMMON_BLOCKS = YES;
				GCC_WARN_64_TO_32_BIT_CONVERSION = YES;
				GCC_WARN_ABOUT_RETURN_TYPE = YES_ERROR;
				GCC_WARN_UNDECLARED_SELECTOR = YES;
				GCC_WARN_UNINITIALIZED_AUTOS = YES_AGGRESSIVE;
				GCC_WARN_UNUSED_FUNCTION = YES;
				GCC_WARN_UNUSED_VARIABLE = YES;
				IPHONEOS_DEPLOYMENT_TARGET = 14.3;
				MTL_ENABLE_DEBUG_INFO = NO;
				MTL_FAST_MATH = YES;
				SDKROOT = iphoneos;
				SWIFT_COMPILATION_MODE = wholemodule;
				SWIFT_OPTIMIZATION_LEVEL = "-O";
				VALIDATE_PRODUCT = YES;
			};
			name = Release;
		};
		1E145E922595282F0005E567 /* Debug */ = {
			isa = XCBuildConfiguration;
			buildSettings = {
				ASSETCATALOG_COMPILER_APPICON_NAME = AppIcon;
				ASSETCATALOG_COMPILER_GLOBAL_ACCENT_COLOR_NAME = AccentColor;
				CODE_SIGN_ENTITLEMENTS = UltimatePortfolio/UltimatePortfolio.entitlements;
				CODE_SIGN_STYLE = Automatic;
				DEVELOPMENT_ASSET_PATHS = "\"UltimatePortfolio/Preview Content\"";
				DEVELOPMENT_TEAM = 2YU38T3WV9;
				ENABLE_PREVIEWS = YES;
				INFOPLIST_FILE = UltimatePortfolio/Info.plist;
				IPHONEOS_DEPLOYMENT_TARGET = 14.0;
				LD_RUNPATH_SEARCH_PATHS = (
					"$(inherited)",
					"@executable_path/Frameworks",
				);
				PRODUCT_BUNDLE_IDENTIFIER = de.berkantdursun.UltimatePortfolio;
				PRODUCT_NAME = "$(TARGET_NAME)";
				SWIFT_VERSION = 5.0;
				TARGETED_DEVICE_FAMILY = "1,2";
			};
			name = Debug;
		};
		1E145E932595282F0005E567 /* Release */ = {
			isa = XCBuildConfiguration;
			buildSettings = {
				ASSETCATALOG_COMPILER_APPICON_NAME = AppIcon;
				ASSETCATALOG_COMPILER_GLOBAL_ACCENT_COLOR_NAME = AccentColor;
				CODE_SIGN_ENTITLEMENTS = UltimatePortfolio/UltimatePortfolio.entitlements;
				CODE_SIGN_STYLE = Automatic;
				DEVELOPMENT_ASSET_PATHS = "\"UltimatePortfolio/Preview Content\"";
				DEVELOPMENT_TEAM = 2YU38T3WV9;
				ENABLE_PREVIEWS = YES;
				INFOPLIST_FILE = UltimatePortfolio/Info.plist;
				IPHONEOS_DEPLOYMENT_TARGET = 14.0;
				LD_RUNPATH_SEARCH_PATHS = (
					"$(inherited)",
					"@executable_path/Frameworks",
				);
				PRODUCT_BUNDLE_IDENTIFIER = de.berkantdursun.UltimatePortfolio;
				PRODUCT_NAME = "$(TARGET_NAME)";
				SWIFT_VERSION = 5.0;
				TARGETED_DEVICE_FAMILY = "1,2";
			};
			name = Release;
		};
/* End XCBuildConfiguration section */

/* Begin XCConfigurationList section */
		1E145E7D2595282E0005E567 /* Build configuration list for PBXProject "UltimatePortfolio" */ = {
			isa = XCConfigurationList;
			buildConfigurations = (
				1E145E8F2595282F0005E567 /* Debug */,
				1E145E902595282F0005E567 /* Release */,
			);
			defaultConfigurationIsVisible = 0;
			defaultConfigurationName = Release;
		};
		1E145E912595282F0005E567 /* Build configuration list for PBXNativeTarget "UltimatePortfolio" */ = {
			isa = XCConfigurationList;
			buildConfigurations = (
				1E145E922595282F0005E567 /* Debug */,
				1E145E932595282F0005E567 /* Release */,
			);
			defaultConfigurationIsVisible = 0;
			defaultConfigurationName = Release;
		};
/* End XCConfigurationList section */

/* Begin XCVersionGroup section */
		1E145E95259528480005E567 /* Main.xcdatamodeld */ = {
			isa = XCVersionGroup;
			children = (
				1E145E96259528480005E567 /* Main.xcdatamodel */,
			);
			currentVersion = 1E145E96259528480005E567 /* Main.xcdatamodel */;
			path = Main.xcdatamodeld;
			sourceTree = "<group>";
			versionGroupType = wrapper.xcdatamodel;
		};
/* End XCVersionGroup section */
	};
	rootObject = 1E145E7A2595282E0005E567 /* Project object */;
}
